
Microsoft Visual Studio Solution File, Format Version 12.00
# Visual Studio Version 17
VisualStudioVersion = 17.1.32228.430
MinimumVisualStudioVersion = 10.0.40219.1
Project("{9A19103F-16F7-4668-BE54-9A1E7A4F7556}") = "DDNSManager.Service", "DDNSManager.Service\DDNSManager.Service.csproj", "{CBC2F2CE-1FCA-4AD3-8512-59CE4A621D57}"
EndProject
Project("{9A19103F-16F7-4668-BE54-9A1E7A4F7556}") = "DDNSManager.Lib", "DDNSManager.Lib\DDNSManager.Lib.csproj", "{869F9627-7D0E-4045-BB3F-5E16260B8B02}"
EndProject
Project("{9A19103F-16F7-4668-BE54-9A1E7A4F7556}") = "DDNSManager.Tests", "DDNSManager.Tests\DDNSManager.Tests.csproj", "{15497EBA-3A2C-462B-9EFC-3AC2D797D5B9}"
EndProject
Project("{2150E333-8FDC-42A3-9474-1A3956D46DE8}") = "Solution Items", "Solution Items", "{016AE465-0503-408D-9A45-578C0BB4D41A}"
	ProjectSection(SolutionItems) = preProject
		.editorconfig = .editorconfig
		LICENSE = LICENSE
		README.md = README.md
	EndProjectSection
EndProject
Global
	GlobalSection(SolutionConfigurationPlatforms) = preSolution
		Debug|Any CPU = Debug|Any CPU
		Release|Any CPU = Release|Any CPU
	EndGlobalSection
	GlobalSection(ProjectConfigurationPlatforms) = postSolution
		{CBC2F2CE-1FCA-4AD3-8512-59CE4A621D57}.Debug|Any CPU.ActiveCfg = Debug|Any CPU
		{CBC2F2CE-1FCA-4AD3-8512-59CE4A621D57}.Debug|Any CPU.Build.0 = Debug|Any CPU
		{CBC2F2CE-1FCA-4AD3-8512-59CE4A621D57}.Release|Any CPU.ActiveCfg = Release|Any CPU
		{CBC2F2CE-1FCA-4AD3-8512-59CE4A621D57}.Release|Any CPU.Build.0 = Release|Any CPU
		{869F9627-7D0E-4045-BB3F-5E16260B8B02}.Debug|Any CPU.ActiveCfg = Debug|Any CPU
		{869F9627-7D0E-4045-BB3F-5E16260B8B02}.Debug|Any CPU.Build.0 = Debug|Any CPU
		{869F9627-7D0E-4045-BB3F-5E16260B8B02}.Release|Any CPU.ActiveCfg = Release|Any CPU
		{869F9627-7D0E-4045-BB3F-5E16260B8B02}.Release|Any CPU.Build.0 = Release|Any CPU
		{15497EBA-3A2C-462B-9EFC-3AC2D797D5B9}.Debug|Any CPU.ActiveCfg = Debug|Any CPU
		{15497EBA-3A2C-462B-9EFC-3AC2D797D5B9}.Debug|Any CPU.Build.0 = Debug|Any CPU
		{15497EBA-3A2C-462B-9EFC-3AC2D797D5B9}.Release|Any CPU.ActiveCfg = Release|Any CPU
		{15497EBA-3A2C-462B-9EFC-3AC2D797D5B9}.Release|Any CPU.Build.0 = Release|Any CPU
	EndGlobalSection
	GlobalSection(SolutionProperties) = preSolution
		HideSolutionNode = FALSE
	EndGlobalSection
	GlobalSection(ExtensibilityGlobals) = postSolution
		SolutionGuid = {4E2EF416-7BAE-41B9-9523-45166F0172A6}
	EndGlobalSection
EndGlobal
